
Microsoft Visual Studio Solution File, Format Version 12.00
# Visual Studio Version 17
VisualStudioVersion = 17.9.34714.143
MinimumVisualStudioVersion = 10.0.40219.1
Project("{9A19103F-16F7-4668-BE54-9A1E7A4F7556}") = "MyFinanceApp.Server", "MyFinanceApp.Server\MyFinanceApp.Server.csproj", "{57D13193-7C07-4BFB-B08B-BD79784C0AB1}"
EndProject
Project("{54A90642-561A-4BB1-A94E-469ADEE60C69}") = "MyFinanceApp.client", "myfinanceapp.client\MyFinanceApp.client.esproj", "{D8971812-CB4C-424D-9CE1-54C6D30AED65}"
EndProject
Project("{9A19103F-16F7-4668-BE54-9A1E7A4F7556}") = "AppLibrary", "AppLibrary\AppLibrary.csproj", "{32963A37-2E48-4E7C-8BE3-B4657A1F980B}"
EndProject
Global
	GlobalSection(SolutionConfigurationPlatforms) = preSolution
		Debug|Any CPU = Debug|Any CPU
		Release|Any CPU = Release|Any CPU
	EndGlobalSection
	GlobalSection(ProjectConfigurationPlatforms) = postSolution
		{57D13193-7C07-4BFB-B08B-BD79784C0AB1}.Debug|Any CPU.ActiveCfg = Debug|Any CPU
		{57D13193-7C07-4BFB-B08B-BD79784C0AB1}.Debug|Any CPU.Build.0 = Debug|Any CPU
		{57D13193-7C07-4BFB-B08B-BD79784C0AB1}.Release|Any CPU.ActiveCfg = Release|Any CPU
		{57D13193-7C07-4BFB-B08B-BD79784C0AB1}.Release|Any CPU.Build.0 = Release|Any CPU
		{D8971812-CB4C-424D-9CE1-54C6D30AED65}.Debug|Any CPU.ActiveCfg = Debug|Any CPU
		{D8971812-CB4C-424D-9CE1-54C6D30AED65}.Debug|Any CPU.Build.0 = Debug|Any CPU
		{D8971812-CB4C-424D-9CE1-54C6D30AED65}.Debug|Any CPU.Deploy.0 = Debug|Any CPU
		{D8971812-CB4C-424D-9CE1-54C6D30AED65}.Release|Any CPU.ActiveCfg = Release|Any CPU
		{D8971812-CB4C-424D-9CE1-54C6D30AED65}.Release|Any CPU.Build.0 = Release|Any CPU
		{D8971812-CB4C-424D-9CE1-54C6D30AED65}.Release|Any CPU.Deploy.0 = Release|Any CPU
		{32963A37-2E48-4E7C-8BE3-B4657A1F980B}.Debug|Any CPU.ActiveCfg = Debug|Any CPU
		{32963A37-2E48-4E7C-8BE3-B4657A1F980B}.Debug|Any CPU.Build.0 = Debug|Any CPU
		{32963A37-2E48-4E7C-8BE3-B4657A1F980B}.Release|Any CPU.ActiveCfg = Release|Any CPU
		{32963A37-2E48-4E7C-8BE3-B4657A1F980B}.Release|Any CPU.Build.0 = Release|Any CPU
	EndGlobalSection
	GlobalSection(SolutionProperties) = preSolution
		HideSolutionNode = FALSE
	EndGlobalSection
	GlobalSection(ExtensibilityGlobals) = postSolution
		SolutionGuid = {58477E6C-A01C-4B27-A22F-5C1E0C5B192F}
	EndGlobalSection
EndGlobal
