
Microsoft Visual Studio Solution File, Format Version 12.00
# Visual Studio Version 17
VisualStudioVersion = 17.9.34714.143
MinimumVisualStudioVersion = 10.0.40219.1
Project("{9A19103F-16F7-4668-BE54-9A1E7A4F7556}") = "WebApp.Server", "WebApp.Server\WebApp.Server.csproj", "{B38706B0-7DE6-409B-92FB-CF7645A04673}"
EndProject
Project("{54A90642-561A-4BB1-A94E-469ADEE60C69}") = "webapp.client", "webapp.client\webapp.client.esproj", "{DE43DAAB-9D4A-49F3-A00F-E4F1E8777869}"
EndProject
Project("{FAE04EC0-301F-11D3-BF4B-00C04F79EFBC}") = "AppLibrary", "..\AppLibrary\AppLibrary.csproj", "{B3361C6F-5260-4722-85DE-3100F8754D60}"
EndProject
Global
	GlobalSection(SolutionConfigurationPlatforms) = preSolution
		Debug|Any CPU = Debug|Any CPU
		Release|Any CPU = Release|Any CPU
	EndGlobalSection
	GlobalSection(ProjectConfigurationPlatforms) = postSolution
		{B38706B0-7DE6-409B-92FB-CF7645A04673}.Debug|Any CPU.ActiveCfg = Debug|Any CPU
		{B38706B0-7DE6-409B-92FB-CF7645A04673}.Debug|Any CPU.Build.0 = Debug|Any CPU
		{B38706B0-7DE6-409B-92FB-CF7645A04673}.Release|Any CPU.ActiveCfg = Release|Any CPU
		{B38706B0-7DE6-409B-92FB-CF7645A04673}.Release|Any CPU.Build.0 = Release|Any CPU
		{DE43DAAB-9D4A-49F3-A00F-E4F1E8777869}.Debug|Any CPU.ActiveCfg = Debug|Any CPU
		{DE43DAAB-9D4A-49F3-A00F-E4F1E8777869}.Debug|Any CPU.Build.0 = Debug|Any CPU
		{DE43DAAB-9D4A-49F3-A00F-E4F1E8777869}.Debug|Any CPU.Deploy.0 = Debug|Any CPU
		{DE43DAAB-9D4A-49F3-A00F-E4F1E8777869}.Release|Any CPU.ActiveCfg = Release|Any CPU
		{DE43DAAB-9D4A-49F3-A00F-E4F1E8777869}.Release|Any CPU.Build.0 = Release|Any CPU
		{DE43DAAB-9D4A-49F3-A00F-E4F1E8777869}.Release|Any CPU.Deploy.0 = Release|Any CPU
		{B3361C6F-5260-4722-85DE-3100F8754D60}.Debug|Any CPU.ActiveCfg = Debug|Any CPU
		{B3361C6F-5260-4722-85DE-3100F8754D60}.Debug|Any CPU.Build.0 = Debug|Any CPU
		{B3361C6F-5260-4722-85DE-3100F8754D60}.Release|Any CPU.ActiveCfg = Release|Any CPU
		{B3361C6F-5260-4722-85DE-3100F8754D60}.Release|Any CPU.Build.0 = Release|Any CPU
	EndGlobalSection
	GlobalSection(SolutionProperties) = preSolution
		HideSolutionNode = FALSE
	EndGlobalSection
	GlobalSection(ExtensibilityGlobals) = postSolution
		SolutionGuid = {24F9C07D-87EE-4C29-92DB-7459A083293C}
	EndGlobalSection
EndGlobal
